
Microsoft Visual Studio Solution File, Format Version 12.00
# Visual Studio Version 16
VisualStudioVersion = 16.0.30907.101
MinimumVisualStudioVersion = 10.0.40219.1
Project("{FAE04EC0-301F-11D3-BF4B-00C04F79EFBC}") = "Ef5TipsTricks", "Ef5TipsTricks\Ef5TipsTricks.csproj", "{7A6D5FB3-33A6-496B-B8D0-822ACD6EF5FD}"
EndProject
Global
	GlobalSection(SolutionConfigurationPlatforms) = preSolution
		Debug|Any CPU = Debug|Any CPU
		Release|Any CPU = Release|Any CPU
	EndGlobalSection
	GlobalSection(ProjectConfigurationPlatforms) = postSolution
		{7A6D5FB3-33A6-496B-B8D0-822ACD6EF5FD}.Debug|Any CPU.ActiveCfg = Debug|Any CPU
		{7A6D5FB3-33A6-496B-B8D0-822ACD6EF5FD}.Debug|Any CPU.Build.0 = Debug|Any CPU
		{7A6D5FB3-33A6-496B-B8D0-822ACD6EF5FD}.Release|Any CPU.ActiveCfg = Release|Any CPU
		{7A6D5FB3-33A6-496B-B8D0-822ACD6EF5FD}.Release|Any CPU.Build.0 = Release|Any CPU
	EndGlobalSection
	GlobalSection(SolutionProperties) = preSolution
		HideSolutionNode = FALSE
	EndGlobalSection
	GlobalSection(ExtensibilityGlobals) = postSolution
		SolutionGuid = {0337509A-5D15-4710-9974-D72CBFF0DF4E}
	EndGlobalSection
EndGlobal
